
Microsoft Visual Studio Solution File, Format Version 11.00
# Visual Studio 2010
Project("{FAE04EC0-301F-11D3-BF4B-00C04F79EFBC}") = "Silent Woods", "Assembly-CSharp-firstpass.csproj", "{CAD2D4B4-153A-BD1D-AC57-30C24096E54B}"
EndProject
Project("{FAE04EC0-301F-11D3-BF4B-00C04F79EFBC}") = "Silent Woods", "Assembly-CSharp.csproj", "{83E00D38-A315-9831-F352-456B9F739639}"
EndProject
Global
	GlobalSection(SolutionConfigurationPlatforms) = preSolution
		Debug|Any CPU = Debug|Any CPU
		Release|Any CPU = Release|Any CPU
	EndGlobalSection
	GlobalSection(ProjectConfigurationPlatforms) = postSolution
		{CAD2D4B4-153A-BD1D-AC57-30C24096E54B}.Debug|Any CPU.ActiveCfg = Debug|Any CPU
		{CAD2D4B4-153A-BD1D-AC57-30C24096E54B}.Debug|Any CPU.Build.0 = Debug|Any CPU
		{CAD2D4B4-153A-BD1D-AC57-30C24096E54B}.Release|Any CPU.ActiveCfg = Release|Any CPU
		{CAD2D4B4-153A-BD1D-AC57-30C24096E54B}.Release|Any CPU.Build.0 = Release|Any CPU
		{83E00D38-A315-9831-F352-456B9F739639}.Debug|Any CPU.ActiveCfg = Debug|Any CPU
		{83E00D38-A315-9831-F352-456B9F739639}.Debug|Any CPU.Build.0 = Debug|Any CPU
		{83E00D38-A315-9831-F352-456B9F739639}.Release|Any CPU.ActiveCfg = Release|Any CPU
		{83E00D38-A315-9831-F352-456B9F739639}.Release|Any CPU.Build.0 = Release|Any CPU
	EndGlobalSection
	GlobalSection(SolutionProperties) = preSolution
		HideSolutionNode = FALSE
	EndGlobalSection
	GlobalSection(MonoDevelopProperties) = preSolution
		StartupItem = Assembly-CSharp.csproj
	EndGlobalSection
EndGlobal
